
Microsoft Visual Studio Solution File, Format Version 12.00
# Visual Studio Version 16
VisualStudioVersion = 16.0.33927.289
MinimumVisualStudioVersion = 10.0.40219.1
Project("{FAE04EC0-301F-11D3-BF4B-00C04F79EFBC}") = "Desplegables de Imanol", "Desplegables de Imanol.csproj", "{F8D68EF6-1F04-479D-8AC3-3A868753487D}"
EndProject
Global
	GlobalSection(SolutionConfigurationPlatforms) = preSolution
		Debug|Any CPU = Debug|Any CPU
		Release|Any CPU = Release|Any CPU
	EndGlobalSection
	GlobalSection(ProjectConfigurationPlatforms) = postSolution
		{F8D68EF6-1F04-479D-8AC3-3A868753487D}.Debug|Any CPU.ActiveCfg = Debug|Any CPU
		{F8D68EF6-1F04-479D-8AC3-3A868753487D}.Debug|Any CPU.Build.0 = Debug|Any CPU
		{F8D68EF6-1F04-479D-8AC3-3A868753487D}.Release|Any CPU.ActiveCfg = Release|Any CPU
		{F8D68EF6-1F04-479D-8AC3-3A868753487D}.Release|Any CPU.Build.0 = Release|Any CPU
	EndGlobalSection
	GlobalSection(SolutionProperties) = preSolution
		HideSolutionNode = FALSE
	EndGlobalSection
	GlobalSection(ExtensibilityGlobals) = postSolution
		SolutionGuid = {4B86E211-D8E1-44A5-833D-C7BB591DFC35}
	EndGlobalSection
EndGlobal
