
Microsoft Visual Studio Solution File, Format Version 12.00
# Visual Studio Version 16
VisualStudioVersion = 16.0.33927.289
MinimumVisualStudioVersion = 10.0.40219.1
Project("{FAE04EC0-301F-11D3-BF4B-00C04F79EFBC}") = "Introducción de Datos de Empleados", "Introducción de Datos de Empleados.csproj", "{A8E4AEC0-0879-4B17-AF60-7DDB2D715991}"
EndProject
Global
	GlobalSection(SolutionConfigurationPlatforms) = preSolution
		Debug|Any CPU = Debug|Any CPU
		Release|Any CPU = Release|Any CPU
	EndGlobalSection
	GlobalSection(ProjectConfigurationPlatforms) = postSolution
		{A8E4AEC0-0879-4B17-AF60-7DDB2D715991}.Debug|Any CPU.ActiveCfg = Debug|Any CPU
		{A8E4AEC0-0879-4B17-AF60-7DDB2D715991}.Debug|Any CPU.Build.0 = Debug|Any CPU
		{A8E4AEC0-0879-4B17-AF60-7DDB2D715991}.Release|Any CPU.ActiveCfg = Release|Any CPU
		{A8E4AEC0-0879-4B17-AF60-7DDB2D715991}.Release|Any CPU.Build.0 = Release|Any CPU
	EndGlobalSection
	GlobalSection(SolutionProperties) = preSolution
		HideSolutionNode = FALSE
	EndGlobalSection
	GlobalSection(ExtensibilityGlobals) = postSolution
		SolutionGuid = {0330BFF4-B44A-42C9-A6A5-C7622D1A2575}
	EndGlobalSection
EndGlobal
