
Microsoft Visual Studio Solution File, Format Version 12.00
# Visual Studio Version 16
VisualStudioVersion = 16.0.33927.289
MinimumVisualStudioVersion = 10.0.40219.1
Project("{FAE04EC0-301F-11D3-BF4B-00C04F79EFBC}") = "ConexionBD", "ConexionBD.csproj", "{B2043B52-9D22-4120-9AF4-BF4B8976168B}"
EndProject
Global
	GlobalSection(SolutionConfigurationPlatforms) = preSolution
		Debug|Any CPU = Debug|Any CPU
		Release|Any CPU = Release|Any CPU
	EndGlobalSection
	GlobalSection(ProjectConfigurationPlatforms) = postSolution
		{B2043B52-9D22-4120-9AF4-BF4B8976168B}.Debug|Any CPU.ActiveCfg = Debug|Any CPU
		{B2043B52-9D22-4120-9AF4-BF4B8976168B}.Debug|Any CPU.Build.0 = Debug|Any CPU
		{B2043B52-9D22-4120-9AF4-BF4B8976168B}.Release|Any CPU.ActiveCfg = Release|Any CPU
		{B2043B52-9D22-4120-9AF4-BF4B8976168B}.Release|Any CPU.Build.0 = Release|Any CPU
	EndGlobalSection
	GlobalSection(SolutionProperties) = preSolution
		HideSolutionNode = FALSE
	EndGlobalSection
	GlobalSection(ExtensibilityGlobals) = postSolution
		SolutionGuid = {B4A737BB-51B6-44E0-85FE-434DC6890876}
	EndGlobalSection
EndGlobal
